Microsoft Visual Studio Solution File, Format Version 12.00
# Visual Studio Version 17
VisualStudioVersion = 17.5.2.0
MinimumVisualStudioVersion = 10.0.40219.1
Project("{FAE04EC0-301F-11D3-BF4B-00C04F79EFBC}") = "FW1", "FW1\FW1.csproj", "{5781F90D-D497-2817-0A38-54D5E41F9C07}"
EndProject
Project("{FAE04EC0-301F-11D3-BF4B-00C04F79EFBC}") = "FWWorker", "FWWorker\FWWorker.csproj", "{B748FDC4-6AB5-DD2C-E76B-631DA9043620}"
EndProject
Global
	GlobalSection(SolutionConfigurationPlatforms) = preSolution
		Debug|Any CPU = Debug|Any CPU
		Release|Any CPU = Release|Any CPU
	EndGlobalSection
	GlobalSection(ProjectConfigurationPlatforms) = postSolution
		{5781F90D-D497-2817-0A38-54D5E41F9C07}.Debug|Any CPU.ActiveCfg = Debug|Any CPU
		{5781F90D-D497-2817-0A38-54D5E41F9C07}.Debug|Any CPU.Build.0 = Debug|Any CPU
		{5781F90D-D497-2817-0A38-54D5E41F9C07}.Release|Any CPU.ActiveCfg = Release|Any CPU
		{5781F90D-D497-2817-0A38-54D5E41F9C07}.Release|Any CPU.Build.0 = Release|Any CPU
		{B748FDC4-6AB5-DD2C-E76B-631DA9043620}.Debug|Any CPU.ActiveCfg = Debug|Any CPU
		{B748FDC4-6AB5-DD2C-E76B-631DA9043620}.Debug|Any CPU.Build.0 = Debug|Any CPU
		{B748FDC4-6AB5-DD2C-E76B-631DA9043620}.Release|Any CPU.ActiveCfg = Release|Any CPU
		{B748FDC4-6AB5-DD2C-E76B-631DA9043620}.Release|Any CPU.Build.0 = Release|Any CPU
	EndGlobalSection
	GlobalSection(SolutionProperties) = preSolution
		HideSolutionNode = FALSE
	EndGlobalSection
	GlobalSection(ExtensibilityGlobals) = postSolution
		SolutionGuid = {3E34302B-EF20-486C-A935-E0E9229FA46F}
	EndGlobalSection
EndGlobal
